
Microsoft Visual Studio Solution File, Format Version 12.00
# Visual Studio 15
VisualStudioVersion = 15.0.26730.15
MinimumVisualStudioVersion = 10.0.40219.1
Project("{8BC9CEB8-8B4A-11D0-8D11-00A0C91BC942}") = "LAB4", "LAB4\LAB4.vcxproj", "{CCCBBAEB-09E8-4CD8-960B-40430C576DEB}"
EndProject
Global
	GlobalSection(SolutionConfigurationPlatforms) = preSolution
		Debug|x64 = Debug|x64
		Debug|x86 = Debug|x86
		Release|x64 = Release|x64
		Release|x86 = Release|x86
	EndGlobalSection
	GlobalSection(ProjectConfigurationPlatforms) = postSolution
		{CCCBBAEB-09E8-4CD8-960B-40430C576DEB}.Debug|x64.ActiveCfg = Debug|x64
		{CCCBBAEB-09E8-4CD8-960B-40430C576DEB}.Debug|x64.Build.0 = Debug|x64
		{CCCBBAEB-09E8-4CD8-960B-40430C576DEB}.Debug|x86.ActiveCfg = Debug|Win32
		{CCCBBAEB-09E8-4CD8-960B-40430C576DEB}.Debug|x86.Build.0 = Debug|Win32
		{CCCBBAEB-09E8-4CD8-960B-40430C576DEB}.Release|x64.ActiveCfg = Release|x64
		{CCCBBAEB-09E8-4CD8-960B-40430C576DEB}.Release|x64.Build.0 = Release|x64
		{CCCBBAEB-09E8-4CD8-960B-40430C576DEB}.Release|x86.ActiveCfg = Release|Win32
		{CCCBBAEB-09E8-4CD8-960B-40430C576DEB}.Release|x86.Build.0 = Release|Win32
	EndGlobalSection
	GlobalSection(SolutionProperties) = preSolution
		HideSolutionNode = FALSE
	EndGlobalSection
	GlobalSection(ExtensibilityGlobals) = postSolution
		SolutionGuid = {CBE0C9C4-6DF7-47E5-9E3A-E418E0D1FA83}
	EndGlobalSection
EndGlobal
