
Microsoft Visual Studio Solution File, Format Version 12.00
# Visual Studio 15
VisualStudioVersion = 15.0.26730.15
MinimumVisualStudioVersion = 10.0.40219.1
Project("{8BC9CEB8-8B4A-11D0-8D11-00A0C91BC942}") = "LAB4_2", "LAB4_2\LAB4_2.vcxproj", "{5C19E727-0CAE-4BE1-9AFF-8F3BA2676301}"
EndProject
Global
	GlobalSection(SolutionConfigurationPlatforms) = preSolution
		Debug|x64 = Debug|x64
		Debug|x86 = Debug|x86
		Release|x64 = Release|x64
		Release|x86 = Release|x86
	EndGlobalSection
	GlobalSection(ProjectConfigurationPlatforms) = postSolution
		{5C19E727-0CAE-4BE1-9AFF-8F3BA2676301}.Debug|x64.ActiveCfg = Debug|x64
		{5C19E727-0CAE-4BE1-9AFF-8F3BA2676301}.Debug|x64.Build.0 = Debug|x64
		{5C19E727-0CAE-4BE1-9AFF-8F3BA2676301}.Debug|x86.ActiveCfg = Debug|Win32
		{5C19E727-0CAE-4BE1-9AFF-8F3BA2676301}.Debug|x86.Build.0 = Debug|Win32
		{5C19E727-0CAE-4BE1-9AFF-8F3BA2676301}.Release|x64.ActiveCfg = Release|x64
		{5C19E727-0CAE-4BE1-9AFF-8F3BA2676301}.Release|x64.Build.0 = Release|x64
		{5C19E727-0CAE-4BE1-9AFF-8F3BA2676301}.Release|x86.ActiveCfg = Release|Win32
		{5C19E727-0CAE-4BE1-9AFF-8F3BA2676301}.Release|x86.Build.0 = Release|Win32
	EndGlobalSection
	GlobalSection(SolutionProperties) = preSolution
		HideSolutionNode = FALSE
	EndGlobalSection
	GlobalSection(ExtensibilityGlobals) = postSolution
		SolutionGuid = {1526ED8B-B0B3-45CB-8375-EAA372E39E7A}
	EndGlobalSection
EndGlobal
